
Microsoft Visual Studio Solution File, Format Version 12.00
# Visual Studio Version 17
VisualStudioVersion = 17.4.33122.133
MinimumVisualStudioVersion = 10.0.40219.1
Project("{9A19103F-16F7-4668-BE54-9A1E7A4F7556}") = "GuessWord", "ConsoleApp5\GuessWord.csproj", "{14993129-060E-421C-87E9-2B42536FCBC8}"
EndProject
Global
	GlobalSection(SolutionConfigurationPlatforms) = preSolution
		Debug|Any CPU = Debug|Any CPU
		Release|Any CPU = Release|Any CPU
	EndGlobalSection
	GlobalSection(ProjectConfigurationPlatforms) = postSolution
		{14993129-060E-421C-87E9-2B42536FCBC8}.Debug|Any CPU.ActiveCfg = Debug|Any CPU
		{14993129-060E-421C-87E9-2B42536FCBC8}.Debug|Any CPU.Build.0 = Debug|Any CPU
		{14993129-060E-421C-87E9-2B42536FCBC8}.Release|Any CPU.ActiveCfg = Release|Any CPU
		{14993129-060E-421C-87E9-2B42536FCBC8}.Release|Any CPU.Build.0 = Release|Any CPU
	EndGlobalSection
	GlobalSection(SolutionProperties) = preSolution
		HideSolutionNode = FALSE
	EndGlobalSection
	GlobalSection(ExtensibilityGlobals) = postSolution
		SolutionGuid = {3E1E35DE-4A11-47FD-A5CE-0A5476214C2D}
	EndGlobalSection
EndGlobal
